// !$*UTF8*$!
{
	archiveVersion = 1;
	classes = {
	};
	objectVersion = 77;
	objects = {

/* Begin PBXBuildFile section */
		AF5A94232DC9255B00557547 /* AddNotesView.swift in Sources */ = {isa = PBXBuildFile; fileRef = AF5A94222DC9255B00557547 /* AddNotesView.swift */; };
		AF5A94252DC929B700557547 /* NotesDetailView.swift in Sources */ = {isa = PBXBuildFile; fileRef = AF5A94242DC929B700557547 /* NotesDetailView.swift */; };
		AFC4DBEC2DC84F6400486229 /* GoogleService-Info.plist in Resources */ = {isa = PBXBuildFile; fileRef = AFC4DBEB2DC84F6400486229 /* GoogleService-Info.plist */; };
		AFC4DBEF2DC8506100486229 /* FirebaseAnalytics in Frameworks */ = {isa = PBXBuildFile; productRef = AFC4DBEE2DC8506100486229 /* FirebaseAnalytics */; };
		AFC4DBF12DC8506100486229 /* FirebaseAnalyticsOnDeviceConversion in Frameworks */ = {isa = PBXBuildFile; productRef = AFC4DBF02DC8506100486229 /* FirebaseAnalyticsOnDeviceConversion */; };
		AFC4DBF32DC8506100486229 /* FirebaseAnalyticsWithoutAdIdSupport in Frameworks */ = {isa = PBXBuildFile; productRef = AFC4DBF22DC8506100486229 /* FirebaseAnalyticsWithoutAdIdSupport */; };
		AFC4DBF52DC8506100486229 /* FirebaseAppCheck in Frameworks */ = {isa = PBXBuildFile; productRef = AFC4DBF42DC8506100486229 /* FirebaseAppCheck */; };
		AFC4DBF72DC8506100486229 /* FirebaseAppDistribution-Beta in Frameworks */ = {isa = PBXBuildFile; productRef = AFC4DBF62DC8506100486229 /* FirebaseAppDistribution-Beta */; };
		AFC4DBF92DC8506100486229 /* FirebaseAuth in Frameworks */ = {isa = PBXBuildFile; productRef = AFC4DBF82DC8506100486229 /* FirebaseAuth */; };
		AFC4DBFB2DC8506100486229 /* FirebaseAuthCombine-Community in Frameworks */ = {isa = PBXBuildFile; productRef = AFC4DBFA2DC8506100486229 /* FirebaseAuthCombine-Community */; };
		AFC4DBFD2DC8506100486229 /* FirebaseCore in Frameworks */ = {isa = PBXBuildFile; productRef = AFC4DBFC2DC8506100486229 /* FirebaseCore */; };
		AFC4DBFF2DC8506100486229 /* FirebaseCrashlytics in Frameworks */ = {isa = PBXBuildFile; productRef = AFC4DBFE2DC8506100486229 /* FirebaseCrashlytics */; };
		AFC4DC012DC8506100486229 /* FirebaseDatabase in Frameworks */ = {isa = PBXBuildFile; productRef = AFC4DC002DC8506100486229 /* FirebaseDatabase */; };
		AFC4DC032DC8506100486229 /* FirebaseDynamicLinks in Frameworks */ = {isa = PBXBuildFile; productRef = AFC4DC022DC8506100486229 /* FirebaseDynamicLinks */; };
		AFC4DC052DC8506100486229 /* FirebaseFirestore in Frameworks */ = {isa = PBXBuildFile; productRef = AFC4DC042DC8506100486229 /* FirebaseFirestore */; };
		AFC4DC072DC8506100486229 /* FirebaseFirestoreCombine-Community in Frameworks */ = {isa = PBXBuildFile; productRef = AFC4DC062DC8506100486229 /* FirebaseFirestoreCombine-Community */; };
		AFC4DC092DC8506100486229 /* FirebaseFunctions in Frameworks */ = {isa = PBXBuildFile; productRef = AFC4DC082DC8506100486229 /* FirebaseFunctions */; };
		AFC4DC0B2DC8506100486229 /* FirebaseFunctionsCombine-Community in Frameworks */ = {isa = PBXBuildFile; productRef = AFC4DC0A2DC8506100486229 /* FirebaseFunctionsCombine-Community */; };
		AFC4DC0D2DC8506100486229 /* FirebaseInAppMessaging-Beta in Frameworks */ = {isa = PBXBuildFile; productRef = AFC4DC0C2DC8506100486229 /* FirebaseInAppMessaging-Beta */; };
		AFC4DC0F2DC8506100486229 /* FirebaseInstallations in Frameworks */ = {isa = PBXBuildFile; productRef = AFC4DC0E2DC8506100486229 /* FirebaseInstallations */; };
		AFC4DC112DC8506100486229 /* FirebaseMLModelDownloader in Frameworks */ = {isa = PBXBuildFile; productRef = AFC4DC102DC8506100486229 /* FirebaseMLModelDownloader */; };
		AFC4DC132DC8506100486229 /* FirebaseMessaging in Frameworks */ = {isa = PBXBuildFile; productRef = AFC4DC122DC8506100486229 /* FirebaseMessaging */; };
		AFC4DC152DC8506100486229 /* FirebasePerformance in Frameworks */ = {isa = PBXBuildFile; productRef = AFC4DC142DC8506100486229 /* FirebasePerformance */; };
		AFC4DC172DC8506100486229 /* FirebaseRemoteConfig in Frameworks */ = {isa = PBXBuildFile; productRef = AFC4DC162DC8506100486229 /* FirebaseRemoteConfig */; };
		AFC4DC192DC8506100486229 /* FirebaseStorage in Frameworks */ = {isa = PBXBuildFile; productRef = AFC4DC182DC8506100486229 /* FirebaseStorage */; };
		AFC4DC1B2DC8506100486229 /* FirebaseStorageCombine-Community in Frameworks */ = {isa = PBXBuildFile; productRef = AFC4DC1A2DC8506100486229 /* FirebaseStorageCombine-Community */; };
		AFC4DC1D2DC8506100486229 /* FirebaseVertexAI in Frameworks */ = {isa = PBXBuildFile; productRef = AFC4DC1C2DC8506100486229 /* FirebaseVertexAI */; };
		AFC4DC1F2DC851C100486229 /* AppDelegate.swift in Sources */ = {isa = PBXBuildFile; fileRef = AFC4DC1E2DC851C100486229 /* AppDelegate.swift */; };
		AFC4DC222DC85AA900486229 /* Note.swift in Sources */ = {isa = PBXBuildFile; fileRef = AFC4DC212DC85AA900486229 /* Note.swift */; };
		AFC4DC252DC85AF800486229 /* NoteViewModel.swift in Sources */ = {isa = PBXBuildFile; fileRef = AFC4DC242DC85AF800486229 /* NoteViewModel.swift */; };
		AFEE34D92DC6F255009C4F4B /* Assets.xcassets in Resources */ = {isa = PBXBuildFile; fileRef = AFEE34D52DC6F255009C4F4B /* Assets.xcassets */; };
		AFEE34DA2DC6F255009C4F4B /* LoginView.swift in Sources */ = {isa = PBXBuildFile; fileRef = AFEE34D62DC6F255009C4F4B /* LoginView.swift */; };
		AFEE34DB2DC6F255009C4F4B /* NotasApp.swift in Sources */ = {isa = PBXBuildFile; fileRef = AFEE34D72DC6F255009C4F4B /* NotasApp.swift */; };
		AFEE34E02DC6F479009C4F4B /* Color+Extension.swift in Sources */ = {isa = PBXBuildFile; fileRef = AFEE34DF2DC6F479009C4F4B /* Color+Extension.swift */; };
		AFEE34E32DC6FCC7009C4F4B /* RegisterView.swift in Sources */ = {isa = PBXBuildFile; fileRef = AFEE34E22DC6FCC7009C4F4B /* RegisterView.swift */; };
		AFEE34E62DC6FD58009C4F4B /* NotesView.swift in Sources */ = {isa = PBXBuildFile; fileRef = AFEE34E52DC6FD58009C4F4B /* NotesView.swift */; };
/* End PBXBuildFile section */

/* Begin PBXFileReference section */
		AF5A94222DC9255B00557547 /* AddNotesView.swift */ = {isa = PBXFileReference; lastKnownFileType = sourcecode.swift; path = AddNotesView.swift; sourceTree = "<group>"; };
		AF5A94242DC929B700557547 /* NotesDetailView.swift */ = {isa = PBXFileReference; lastKnownFileType = sourcecode.swift; path = NotesDetailView.swift; sourceTree = "<group>"; };
		AFC4DBEB2DC84F6400486229 /* GoogleService-Info.plist */ = {isa = PBXFileReference; lastKnownFileType = text.plist.xml; path = "GoogleService-Info.plist"; sourceTree = "<group>"; };
		AFC4DC1E2DC851C100486229 /* AppDelegate.swift */ = {isa = PBXFileReference; lastKnownFileType = sourcecode.swift; path = AppDelegate.swift; sourceTree = "<group>"; };
		AFC4DC212DC85AA900486229 /* Note.swift */ = {isa = PBXFileReference; lastKnownFileType = sourcecode.swift; path = Note.swift; sourceTree = "<group>"; };
		AFC4DC242DC85AF800486229 /* NoteViewModel.swift */ = {isa = PBXFileReference; lastKnownFileType = sourcecode.swift; path = NoteViewModel.swift; sourceTree = "<group>"; };
		AFEE34C72DC6F232009C4F4B /* Notas.app */ = {isa = PBXFileReference; explicitFileType = wrapper.application; includeInIndex = 0; path = Notas.app; sourceTree = BUILT_PRODUCTS_DIR; };
		AFEE34D52DC6F255009C4F4B /* Assets.xcassets */ = {isa = PBXFileReference; lastKnownFileType = folder.assetcatalog; path = Assets.xcassets; sourceTree = "<group>"; };
		AFEE34D62DC6F255009C4F4B /* LoginView.swift */ = {isa = PBXFileReference; lastKnownFileType = sourcecode.swift; path = LoginView.swift; sourceTree = "<group>"; };
		AFEE34D72DC6F255009C4F4B /* NotasApp.swift */ = {isa = PBXFileReference; lastKnownFileType = sourcecode.swift; path = NotasApp.swift; sourceTree = "<group>"; };
		AFEE34DF2DC6F479009C4F4B /* Color+Extension.swift */ = {isa = PBXFileReference; lastKnownFileType = sourcecode.swift; path = "Color+Extension.swift"; sourceTree = "<group>"; };
		AFEE34E22DC6FCC7009C4F4B /* RegisterView.swift */ = {isa = PBXFileReference; lastKnownFileType = sourcecode.swift; path = RegisterView.swift; sourceTree = "<group>"; };
		AFEE34E52DC6FD58009C4F4B /* NotesView.swift */ = {isa = PBXFileReference; lastKnownFileType = sourcecode.swift; path = NotesView.swift; sourceTree = "<group>"; };
/* End PBXFileReference section */

/* Begin PBXFrameworksBuildPhase section */
		AFEE34C42DC6F232009C4F4B /* Frameworks */ = {
			isa = PBXFrameworksBuildPhase;
			buildActionMask = 2147483647;
			files = (
				AFC4DC072DC8506100486229 /* FirebaseFirestoreCombine-Community in Frameworks */,
				AFC4DC1D2DC8506100486229 /* FirebaseVertexAI in Frameworks */,
				AFC4DC092DC8506100486229 /* FirebaseFunctions in Frameworks */,
				AFC4DC152DC8506100486229 /* FirebasePerformance in Frameworks */,
				AFC4DC1B2DC8506100486229 /* FirebaseStorageCombine-Community in Frameworks */,
				AFC4DC172DC8506100486229 /* FirebaseRemoteConfig in Frameworks */,
				AFC4DC012DC8506100486229 /* FirebaseDatabase in Frameworks */,
				AFC4DC032DC8506100486229 /* FirebaseDynamicLinks in Frameworks */,
				AFC4DBF52DC8506100486229 /* FirebaseAppCheck in Frameworks */,
				AFC4DBF92DC8506100486229 /* FirebaseAuth in Frameworks */,
				AFC4DBEF2DC8506100486229 /* FirebaseAnalytics in Frameworks */,
				AFC4DC052DC8506100486229 /* FirebaseFirestore in Frameworks */,
				AFC4DC132DC8506100486229 /* FirebaseMessaging in Frameworks */,
				AFC4DC0F2DC8506100486229 /* FirebaseInstallations in Frameworks */,
				AFC4DC0B2DC8506100486229 /* FirebaseFunctionsCombine-Community in Frameworks */,
				AFC4DBF72DC8506100486229 /* FirebaseAppDistribution-Beta in Frameworks */,
				AFC4DBF32DC8506100486229 /* FirebaseAnalyticsWithoutAdIdSupport in Frameworks */,
				AFC4DC0D2DC8506100486229 /* FirebaseInAppMessaging-Beta in Frameworks */,
				AFC4DBFB2DC8506100486229 /* FirebaseAuthCombine-Community in Frameworks */,
				AFC4DBFF2DC8506100486229 /* FirebaseCrashlytics in Frameworks */,
				AFC4DC112DC8506100486229 /* FirebaseMLModelDownloader in Frameworks */,
				AFC4DC192DC8506100486229 /* FirebaseStorage in Frameworks */,
				AFC4DBFD2DC8506100486229 /* FirebaseCore in Frameworks */,
				AFC4DBF12DC8506100486229 /* FirebaseAnalyticsOnDeviceConversion in Frameworks */,
			);
			runOnlyForDeploymentPostprocessing = 0;
		};
/* End PBXFrameworksBuildPhase section */

/* Begin PBXGroup section */
		AFC4DC202DC85A9B00486229 /* Model */ = {
			isa = PBXGroup;
			children = (
				AFC4DC212DC85AA900486229 /* Note.swift */,
			);
			path = Model;
			sourceTree = "<group>";
		};
		AFC4DC232DC85AE900486229 /* ViewModel */ = {
			isa = PBXGroup;
			children = (
				AFC4DC242DC85AF800486229 /* NoteViewModel.swift */,
			);
			path = ViewModel;
			sourceTree = "<group>";
		};
		AFEE34BE2DC6F232009C4F4B = {
			isa = PBXGroup;
			children = (
				AFEE34D82DC6F255009C4F4B /* Notas */,
				AFEE34C82DC6F232009C4F4B /* Products */,
			);
			sourceTree = "<group>";
		};
		AFEE34C82DC6F232009C4F4B /* Products */ = {
			isa = PBXGroup;
			children = (
				AFEE34C72DC6F232009C4F4B /* Notas.app */,
			);
			name = Products;
			sourceTree = "<group>";
		};
		AFEE34D82DC6F255009C4F4B /* Notas */ = {
			isa = PBXGroup;
			children = (
				AFC4DC202DC85A9B00486229 /* Model */,
				AFEE34E42DC6FD4C009C4F4B /* Notes */,
				AFEE34DD2DC6F45A009C4F4B /* Utils */,
				AFEE34E12DC6FCB2009C4F4B /* Register */,
				AFEE34DC2DC6F3B4009C4F4B /* Login */,
				AFEE34D72DC6F255009C4F4B /* NotasApp.swift */,
				AFC4DC1E2DC851C100486229 /* AppDelegate.swift */,
				AFEE34D52DC6F255009C4F4B /* Assets.xcassets */,
				AFC4DBEB2DC84F6400486229 /* GoogleService-Info.plist */,
			);
			path = Notas;
			sourceTree = "<group>";
		};
		AFEE34DC2DC6F3B4009C4F4B /* Login */ = {
			isa = PBXGroup;
			children = (
				AFEE34D62DC6F255009C4F4B /* LoginView.swift */,
			);
			path = Login;
			sourceTree = "<group>";
		};
		AFEE34DD2DC6F45A009C4F4B /* Utils */ = {
			isa = PBXGroup;
			children = (
				AFEE34DE2DC6F462009C4F4B /* Extension */,
			);
			path = Utils;
			sourceTree = "<group>";
		};
		AFEE34DE2DC6F462009C4F4B /* Extension */ = {
			isa = PBXGroup;
			children = (
				AFEE34DF2DC6F479009C4F4B /* Color+Extension.swift */,
			);
			path = Extension;
			sourceTree = "<group>";
		};
		AFEE34E12DC6FCB2009C4F4B /* Register */ = {
			isa = PBXGroup;
			children = (
				AFEE34E22DC6FCC7009C4F4B /* RegisterView.swift */,
			);
			path = Register;
			sourceTree = "<group>";
		};
		AFEE34E42DC6FD4C009C4F4B /* Notes */ = {
			isa = PBXGroup;
			children = (
				AFC4DC232DC85AE900486229 /* ViewModel */,
				AFEE34E52DC6FD58009C4F4B /* NotesView.swift */,
				AF5A94222DC9255B00557547 /* AddNotesView.swift */,
				AF5A94242DC929B700557547 /* NotesDetailView.swift */,
			);
			path = Notes;
			sourceTree = "<group>";
		};
/* End PBXGroup section */

/* Begin PBXNativeTarget section */
		AFEE34C62DC6F232009C4F4B /* Notas */ = {
			isa = PBXNativeTarget;
			buildConfigurationList = AFEE34D22DC6F233009C4F4B /* Build configuration list for PBXNativeTarget "Notas" */;
			buildPhases = (
				AFEE34C32DC6F232009C4F4B /* Sources */,
				AFEE34C42DC6F232009C4F4B /* Frameworks */,
				AFEE34C52DC6F232009C4F4B /* Resources */,
			);
			buildRules = (
			);
			dependencies = (
			);
			name = Notas;
			packageProductDependencies = (
				AFC4DBEE2DC8506100486229 /* FirebaseAnalytics */,
				AFC4DBF02DC8506100486229 /* FirebaseAnalyticsOnDeviceConversion */,
				AFC4DBF22DC8506100486229 /* FirebaseAnalyticsWithoutAdIdSupport */,
				AFC4DBF42DC8506100486229 /* FirebaseAppCheck */,
				AFC4DBF62DC8506100486229 /* FirebaseAppDistribution-Beta */,
				AFC4DBF82DC8506100486229 /* FirebaseAuth */,
				AFC4DBFA2DC8506100486229 /* FirebaseAuthCombine-Community */,
				AFC4DBFC2DC8506100486229 /* FirebaseCore */,
				AFC4DBFE2DC8506100486229 /* FirebaseCrashlytics */,
				AFC4DC002DC8506100486229 /* FirebaseDatabase */,
				AFC4DC022DC8506100486229 /* FirebaseDynamicLinks */,
				AFC4DC042DC8506100486229 /* FirebaseFirestore */,
				AFC4DC062DC8506100486229 /* FirebaseFirestoreCombine-Community */,
				AFC4DC082DC8506100486229 /* FirebaseFunctions */,
				AFC4DC0A2DC8506100486229 /* FirebaseFunctionsCombine-Community */,
				AFC4DC0C2DC8506100486229 /* FirebaseInAppMessaging-Beta */,
				AFC4DC0E2DC8506100486229 /* FirebaseInstallations */,
				AFC4DC102DC8506100486229 /* FirebaseMLModelDownloader */,
				AFC4DC122DC8506100486229 /* FirebaseMessaging */,
				AFC4DC142DC8506100486229 /* FirebasePerformance */,
				AFC4DC162DC8506100486229 /* FirebaseRemoteConfig */,
				AFC4DC182DC8506100486229 /* FirebaseStorage */,
				AFC4DC1A2DC8506100486229 /* FirebaseStorageCombine-Community */,
				AFC4DC1C2DC8506100486229 /* FirebaseVertexAI */,
			);
			productName = Notas;
			productReference = AFEE34C72DC6F232009C4F4B /* Notas.app */;
			productType = "com.apple.product-type.application";
		};
/* End PBXNativeTarget section */

/* Begin PBXProject section */
		AFEE34BF2DC6F232009C4F4B /* Project object */ = {
			isa = PBXProject;
			attributes = {
				BuildIndependentTargetsInParallel = 1;
				LastSwiftUpdateCheck = 1630;
				LastUpgradeCheck = 1630;
				TargetAttributes = {
					AFEE34C62DC6F232009C4F4B = {
						CreatedOnToolsVersion = 16.3;
					};
				};
			};
			buildConfigurationList = AFEE34C22DC6F232009C4F4B /* Build configuration list for PBXProject "Notas" */;
			developmentRegion = en;
			hasScannedForEncodings = 0;
			knownRegions = (
				en,
				Base,
			);
			mainGroup = AFEE34BE2DC6F232009C4F4B;
			minimizedProjectReferenceProxies = 1;
			packageReferences = (
				AFC4DBED2DC8506100486229 /* XCRemoteSwiftPackageReference "firebase-ios-sdk" */,
			);
			preferredProjectObjectVersion = 77;
			productRefGroup = AFEE34C82DC6F232009C4F4B /* Products */;
			projectDirPath = "";
			projectRoot = "";
			targets = (
				AFEE34C62DC6F232009C4F4B /* Notas */,
			);
		};
/* End PBXProject section */

/* Begin PBXResourcesBuildPhase section */
		AFEE34C52DC6F232009C4F4B /* Resources */ = {
			isa = PBXResourcesBuildPhase;
			buildActionMask = 2147483647;
			files = (
				AFEE34D92DC6F255009C4F4B /* Assets.xcassets in Resources */,
				AFC4DBEC2DC84F6400486229 /* GoogleService-Info.plist in Resources */,
			);
			runOnlyForDeploymentPostprocessing = 0;
		};
/* End PBXResourcesBuildPhase section */

/* Begin PBXSourcesBuildPhase section */
		AFEE34C32DC6F232009C4F4B /* Sources */ = {
			isa = PBXSourcesBuildPhase;
			buildActionMask = 2147483647;
			files = (
				AFC4DC252DC85AF800486229 /* NoteViewModel.swift in Sources */,
				AFC4DC1F2DC851C100486229 /* AppDelegate.swift in Sources */,
				AFEE34DA2DC6F255009C4F4B /* LoginView.swift in Sources */,
				AF5A94252DC929B700557547 /* NotesDetailView.swift in Sources */,
				AFC4DC222DC85AA900486229 /* Note.swift in Sources */,
				AFEE34E32DC6FCC7009C4F4B /* RegisterView.swift in Sources */,
				AFEE34E62DC6FD58009C4F4B /* NotesView.swift in Sources */,
				AFEE34E02DC6F479009C4F4B /* Color+Extension.swift in Sources */,
				AF5A94232DC9255B00557547 /* AddNotesView.swift in Sources */,
				AFEE34DB2DC6F255009C4F4B /* NotasApp.swift in Sources */,
			);
			runOnlyForDeploymentPostprocessing = 0;
		};
/* End PBXSourcesBuildPhase section */

/* Begin XCBuildConfiguration section */
		AFEE34D02DC6F233009C4F4B /* Debug */ = {
			isa = XCBuildConfiguration;
			buildSettings = {
				ALWAYS_SEARCH_USER_PATHS = NO;
				ASSETCATALOG_COMPILER_GENERATE_SWIFT_ASSET_SYMBOL_EXTENSIONS = YES;
				CLANG_ANALYZER_NONNULL = YES;
				CLANG_ANALYZER_NUMBER_OBJECT_CONVERSION = YES_AGGRESSIVE;
				CLANG_CXX_LANGUAGE_STANDARD = "gnu++20";
				CLANG_ENABLE_MODULES = YES;
				CLANG_ENABLE_OBJC_ARC = YES;
				CLANG_ENABLE_OBJC_WEAK = YES;
				CLANG_WARN_BLOCK_CAPTURE_AUTORELEASING = YES;
				CLANG_WARN_BOOL_CONVERSION = YES;
				CLANG_WARN_COMMA = YES;
				CLANG_WARN_CONSTANT_CONVERSION = YES;
				CLANG_WARN_DEPRECATED_OBJC_IMPLEMENTATIONS = YES;
				CLANG_WARN_DIRECT_OBJC_ISA_USAGE = YES_ERROR;
				CLANG_WARN_DOCUMENTATION_COMMENTS = YES;
				CLANG_WARN_EMPTY_BODY = YES;
				CLANG_WARN_ENUM_CONVERSION = YES;
				CLANG_WARN_INFINITE_RECURSION = YES;
				CLANG_WARN_INT_CONVERSION = YES;
				CLANG_WARN_NON_LITERAL_NULL_CONVERSION = YES;
				CLANG_WARN_OBJC_IMPLICIT_RETAIN_SELF = YES;
				CLANG_WARN_OBJC_LITERAL_CONVERSION = YES;
				CLANG_WARN_OBJC_ROOT_CLASS = YES_ERROR;
				CLANG_WARN_QUOTED_INCLUDE_IN_FRAMEWORK_HEADER = YES;
				CLANG_WARN_RANGE_LOOP_ANALYSIS = YES;
				CLANG_WARN_STRICT_PROTOTYPES = YES;
				CLANG_WARN_SUSPICIOUS_MOVE = YES;
				CLANG_WARN_UNGUARDED_AVAILABILITY = YES_AGGRESSIVE;
				CLANG_WARN_UNREACHABLE_CODE = YES;
				CLANG_WARN__DUPLICATE_METHOD_MATCH = YES;
				COPY_PHASE_STRIP = NO;
				DEBUG_INFORMATION_FORMAT = dwarf;
				DEVELOPMENT_TEAM = H3759FD2PB;
				ENABLE_STRICT_OBJC_MSGSEND = YES;
				ENABLE_TESTABILITY = YES;
				ENABLE_USER_SCRIPT_SANDBOXING = YES;
				GCC_C_LANGUAGE_STANDARD = gnu17;
				GCC_DYNAMIC_NO_PIC = NO;
				GCC_NO_COMMON_BLOCKS = YES;
				GCC_OPTIMIZATION_LEVEL = 0;
				GCC_PREPROCESSOR_DEFINITIONS = (
					"DEBUG=1",
					"$(inherited)",
				);
				GCC_WARN_64_TO_32_BIT_CONVERSION = YES;
				GCC_WARN_ABOUT_RETURN_TYPE = YES_ERROR;
				GCC_WARN_UNDECLARED_SELECTOR = YES;
				GCC_WARN_UNINITIALIZED_AUTOS = YES_AGGRESSIVE;
				GCC_WARN_UNUSED_FUNCTION = YES;
				GCC_WARN_UNUSED_VARIABLE = YES;
				IPHONEOS_DEPLOYMENT_TARGET = 18.4;
				LOCALIZATION_PREFERS_STRING_CATALOGS = YES;
				MTL_ENABLE_DEBUG_INFO = INCLUDE_SOURCE;
				MTL_FAST_MATH = YES;
				ONLY_ACTIVE_ARCH = YES;
				SDKROOT = iphoneos;
				SWIFT_ACTIVE_COMPILATION_CONDITIONS = "DEBUG $(inherited)";
				SWIFT_OPTIMIZATION_LEVEL = "-Onone";
			};
			name = Debug;
		};
		AFEE34D12DC6F233009C4F4B /* Release */ = {
			isa = XCBuildConfiguration;
			buildSettings = {
				ALWAYS_SEARCH_USER_PATHS = NO;
				ASSETCATALOG_COMPILER_GENERATE_SWIFT_ASSET_SYMBOL_EXTENSIONS = YES;
				CLANG_ANALYZER_NONNULL = YES;
				CLANG_ANALYZER_NUMBER_OBJECT_CONVERSION = YES_AGGRESSIVE;
				CLANG_CXX_LANGUAGE_STANDARD = "gnu++20";
				CLANG_ENABLE_MODULES = YES;
				CLANG_ENABLE_OBJC_ARC = YES;
				CLANG_ENABLE_OBJC_WEAK = YES;
				CLANG_WARN_BLOCK_CAPTURE_AUTORELEASING = YES;
				CLANG_WARN_BOOL_CONVERSION = YES;
				CLANG_WARN_COMMA = YES;
				CLANG_WARN_CONSTANT_CONVERSION = YES;
				CLANG_WARN_DEPRECATED_OBJC_IMPLEMENTATIONS = YES;
				CLANG_WARN_DIRECT_OBJC_ISA_USAGE = YES_ERROR;
				CLANG_WARN_DOCUMENTATION_COMMENTS = YES;
				CLANG_WARN_EMPTY_BODY = YES;
				CLANG_WARN_ENUM_CONVERSION = YES;
				CLANG_WARN_INFINITE_RECURSION = YES;
				CLANG_WARN_INT_CONVERSION = YES;
				CLANG_WARN_NON_LITERAL_NULL_CONVERSION = YES;
				CLANG_WARN_OBJC_IMPLICIT_RETAIN_SELF = YES;
				CLANG_WARN_OBJC_LITERAL_CONVERSION = YES;
				CLANG_WARN_OBJC_ROOT_CLASS = YES_ERROR;
				CLANG_WARN_QUOTED_INCLUDE_IN_FRAMEWORK_HEADER = YES;
				CLANG_WARN_RANGE_LOOP_ANALYSIS = YES;
				CLANG_WARN_STRICT_PROTOTYPES = YES;
				CLANG_WARN_SUSPICIOUS_MOVE = YES;
				CLANG_WARN_UNGUARDED_AVAILABILITY = YES_AGGRESSIVE;
				CLANG_WARN_UNREACHABLE_CODE = YES;
				CLANG_WARN__DUPLICATE_METHOD_MATCH = YES;
				COPY_PHASE_STRIP = NO;
				DEBUG_INFORMATION_FORMAT = "dwarf-with-dsym";
				DEVELOPMENT_TEAM = H3759FD2PB;
				ENABLE_NS_ASSERTIONS = NO;
				ENABLE_STRICT_OBJC_MSGSEND = YES;
				ENABLE_USER_SCRIPT_SANDBOXING = YES;
				GCC_C_LANGUAGE_STANDARD = gnu17;
				GCC_NO_COMMON_BLOCKS = YES;
				GCC_WARN_64_TO_32_BIT_CONVERSION = YES;
				GCC_WARN_ABOUT_RETURN_TYPE = YES_ERROR;
				GCC_WARN_UNDECLARED_SELECTOR = YES;
				GCC_WARN_UNINITIALIZED_AUTOS = YES_AGGRESSIVE;
				GCC_WARN_UNUSED_FUNCTION = YES;
				GCC_WARN_UNUSED_VARIABLE = YES;
				IPHONEOS_DEPLOYMENT_TARGET = 18.4;
				LOCALIZATION_PREFERS_STRING_CATALOGS = YES;
				MTL_ENABLE_DEBUG_INFO = NO;
				MTL_FAST_MATH = YES;
				SDKROOT = iphoneos;
				SWIFT_COMPILATION_MODE = wholemodule;
				VALIDATE_PRODUCT = YES;
			};
			name = Release;
		};
		AFEE34D32DC6F233009C4F4B /* Debug */ = {
			isa = XCBuildConfiguration;
			buildSettings = {
				ASSETCATALOG_COMPILER_APPICON_NAME = AppIcon;
				ASSETCATALOG_COMPILER_GLOBAL_ACCENT_COLOR_NAME = AccentColor;
				CODE_SIGN_STYLE = Automatic;
				CURRENT_PROJECT_VERSION = 1;
				DEVELOPMENT_TEAM = H3759FD2PB;
				ENABLE_PREVIEWS = YES;
				GENERATE_INFOPLIST_FILE = YES;
				INFOPLIST_KEY_UIApplicationSceneManifest_Generation = YES;
				INFOPLIST_KEY_UIApplicationSupportsIndirectInputEvents = YES;
				INFOPLIST_KEY_UILaunchScreen_Generation = YES;
				INFOPLIST_KEY_UISupportedInterfaceOrientations_iPad = "UIInterfaceOrientationPortrait UIInterfaceOrientationPortraitUpsideDown UIInterfaceOrientationLandscapeLeft UIInterfaceOrientationLandscapeRight";
				INFOPLIST_KEY_UISupportedInterfaceOrientations_iPhone = "UIInterfaceOrientationPortrait UIInterfaceOrientationLandscapeLeft UIInterfaceOrientationLandscapeRight";
				LD_RUNPATH_SEARCH_PATHS = (
					"$(inherited)",
					"@executable_path/Frameworks",
				);
				MARKETING_VERSION = 1.0;
				PRODUCT_BUNDLE_IDENTIFIER = com.rhainan.Study.Notas;
				PRODUCT_NAME = "$(TARGET_NAME)";
				SWIFT_EMIT_LOC_STRINGS = YES;
				SWIFT_VERSION = 5.0;
				TARGETED_DEVICE_FAMILY = "1,2";
			};
			name = Debug;
		};
		AFEE34D42DC6F233009C4F4B /* Release */ = {
			isa = XCBuildConfiguration;
			buildSettings = {
				ASSETCATALOG_COMPILER_APPICON_NAME = AppIcon;
				ASSETCATALOG_COMPILER_GLOBAL_ACCENT_COLOR_NAME = AccentColor;
				CODE_SIGN_STYLE = Automatic;
				CURRENT_PROJECT_VERSION = 1;
				DEVELOPMENT_TEAM = H3759FD2PB;
				ENABLE_PREVIEWS = YES;
				GENERATE_INFOPLIST_FILE = YES;
				INFOPLIST_KEY_UIApplicationSceneManifest_Generation = YES;
				INFOPLIST_KEY_UIApplicationSupportsIndirectInputEvents = YES;
				INFOPLIST_KEY_UILaunchScreen_Generation = YES;
				INFOPLIST_KEY_UISupportedInterfaceOrientations_iPad = "UIInterfaceOrientationPortrait UIInterfaceOrientationPortraitUpsideDown UIInterfaceOrientationLandscapeLeft UIInterfaceOrientationLandscapeRight";
				INFOPLIST_KEY_UISupportedInterfaceOrientations_iPhone = "UIInterfaceOrientationPortrait UIInterfaceOrientationLandscapeLeft UIInterfaceOrientationLandscapeRight";
				LD_RUNPATH_SEARCH_PATHS = (
					"$(inherited)",
					"@executable_path/Frameworks",
				);
				MARKETING_VERSION = 1.0;
				PRODUCT_BUNDLE_IDENTIFIER = com.rhainan.Study.Notas;
				PRODUCT_NAME = "$(TARGET_NAME)";
				SWIFT_EMIT_LOC_STRINGS = YES;
				SWIFT_VERSION = 5.0;
				TARGETED_DEVICE_FAMILY = "1,2";
			};
			name = Release;
		};
/* End XCBuildConfiguration section */

/* Begin XCConfigurationList section */
		AFEE34C22DC6F232009C4F4B /* Build configuration list for PBXProject "Notas" */ = {
			isa = XCConfigurationList;
			buildConfigurations = (
				AFEE34D02DC6F233009C4F4B /* Debug */,
				AFEE34D12DC6F233009C4F4B /* Release */,
			);
			defaultConfigurationIsVisible = 0;
			defaultConfigurationName = Release;
		};
		AFEE34D22DC6F233009C4F4B /* Build configuration list for PBXNativeTarget "Notas" */ = {
			isa = XCConfigurationList;
			buildConfigurations = (
				AFEE34D32DC6F233009C4F4B /* Debug */,
				AFEE34D42DC6F233009C4F4B /* Release */,
			);
			defaultConfigurationIsVisible = 0;
			defaultConfigurationName = Release;
		};
/* End XCConfigurationList section */

/* Begin XCRemoteSwiftPackageReference section */
		AFC4DBED2DC8506100486229 /* XCRemoteSwiftPackageReference "firebase-ios-sdk" */ = {
			isa = XCRemoteSwiftPackageReference;
			repositoryURL = "https://github.com/firebase/firebase-ios-sdk";
			requirement = {
				kind = upToNextMajorVersion;
				minimumVersion = 11.12.0;
			};
		};
/* End XCRemoteSwiftPackageReference section */

/* Begin XCSwiftPackageProductDependency section */
		AFC4DBEE2DC8506100486229 /* FirebaseAnalytics */ = {
			isa = XCSwiftPackageProductDependency;
			package = AFC4DBED2DC8506100486229 /* XCRemoteSwiftPackageReference "firebase-ios-sdk" */;
			productName = FirebaseAnalytics;
		};
		AFC4DBF02DC8506100486229 /* FirebaseAnalyticsOnDeviceConversion */ = {
			isa = XCSwiftPackageProductDependency;
			package = AFC4DBED2DC8506100486229 /* XCRemoteSwiftPackageReference "firebase-ios-sdk" */;
			productName = FirebaseAnalyticsOnDeviceConversion;
		};
		AFC4DBF22DC8506100486229 /* FirebaseAnalyticsWithoutAdIdSupport */ = {
			isa = XCSwiftPackageProductDependency;
			package = AFC4DBED2DC8506100486229 /* XCRemoteSwiftPackageReference "firebase-ios-sdk" */;
			productName = FirebaseAnalyticsWithoutAdIdSupport;
		};
		AFC4DBF42DC8506100486229 /* FirebaseAppCheck */ = {
			isa = XCSwiftPackageProductDependency;
			package = AFC4DBED2DC8506100486229 /* XCRemoteSwiftPackageReference "firebase-ios-sdk" */;
			productName = FirebaseAppCheck;
		};
		AFC4DBF62DC8506100486229 /* FirebaseAppDistribution-Beta */ = {
			isa = XCSwiftPackageProductDependency;
			package = AFC4DBED2DC8506100486229 /* XCRemoteSwiftPackageReference "firebase-ios-sdk" */;
			productName = "FirebaseAppDistribution-Beta";
		};
		AFC4DBF82DC8506100486229 /* FirebaseAuth */ = {
			isa = XCSwiftPackageProductDependency;
			package = AFC4DBED2DC8506100486229 /* XCRemoteSwiftPackageReference "firebase-ios-sdk" */;
			productName = FirebaseAuth;
		};
		AFC4DBFA2DC8506100486229 /* FirebaseAuthCombine-Community */ = {
			isa = XCSwiftPackageProductDependency;
			package = AFC4DBED2DC8506100486229 /* XCRemoteSwiftPackageReference "firebase-ios-sdk" */;
			productName = "FirebaseAuthCombine-Community";
		};
		AFC4DBFC2DC8506100486229 /* FirebaseCore */ = {
			isa = XCSwiftPackageProductDependency;
			package = AFC4DBED2DC8506100486229 /* XCRemoteSwiftPackageReference "firebase-ios-sdk" */;
			productName = FirebaseCore;
		};
		AFC4DBFE2DC8506100486229 /* FirebaseCrashlytics */ = {
			isa = XCSwiftPackageProductDependency;
			package = AFC4DBED2DC8506100486229 /* XCRemoteSwiftPackageReference "firebase-ios-sdk" */;
			productName = FirebaseCrashlytics;
		};
		AFC4DC002DC8506100486229 /* FirebaseDatabase */ = {
			isa = XCSwiftPackageProductDependency;
			package = AFC4DBED2DC8506100486229 /* XCRemoteSwiftPackageReference "firebase-ios-sdk" */;
			productName = FirebaseDatabase;
		};
		AFC4DC022DC8506100486229 /* FirebaseDynamicLinks */ = {
			isa = XCSwiftPackageProductDependency;
			package = AFC4DBED2DC8506100486229 /* XCRemoteSwiftPackageReference "firebase-ios-sdk" */;
			productName = FirebaseDynamicLinks;
		};
		AFC4DC042DC8506100486229 /* FirebaseFirestore */ = {
			isa = XCSwiftPackageProductDependency;
			package = AFC4DBED2DC8506100486229 /* XCRemoteSwiftPackageReference "firebase-ios-sdk" */;
			productName = FirebaseFirestore;
		};
		AFC4DC062DC8506100486229 /* FirebaseFirestoreCombine-Community */ = {
			isa = XCSwiftPackageProductDependency;
			package = AFC4DBED2DC8506100486229 /* XCRemoteSwiftPackageReference "firebase-ios-sdk" */;
			productName = "FirebaseFirestoreCombine-Community";
		};
		AFC4DC082DC8506100486229 /* FirebaseFunctions */ = {
			isa = XCSwiftPackageProductDependency;
			package = AFC4DBED2DC8506100486229 /* XCRemoteSwiftPackageReference "firebase-ios-sdk" */;
			productName = FirebaseFunctions;
		};
		AFC4DC0A2DC8506100486229 /* FirebaseFunctionsCombine-Community */ = {
			isa = XCSwiftPackageProductDependency;
			package = AFC4DBED2DC8506100486229 /* XCRemoteSwiftPackageReference "firebase-ios-sdk" */;
			productName = "FirebaseFunctionsCombine-Community";
		};
		AFC4DC0C2DC8506100486229 /* FirebaseInAppMessaging-Beta */ = {
			isa = XCSwiftPackageProductDependency;
			package = AFC4DBED2DC8506100486229 /* XCRemoteSwiftPackageReference "firebase-ios-sdk" */;
			productName = "FirebaseInAppMessaging-Beta";
		};
		AFC4DC0E2DC8506100486229 /* FirebaseInstallations */ = {
			isa = XCSwiftPackageProductDependency;
			package = AFC4DBED2DC8506100486229 /* XCRemoteSwiftPackageReference "firebase-ios-sdk" */;
			productName = FirebaseInstallations;
		};
		AFC4DC102DC8506100486229 /* FirebaseMLModelDownloader */ = {
			isa = XCSwiftPackageProductDependency;
			package = AFC4DBED2DC8506100486229 /* XCRemoteSwiftPackageReference "firebase-ios-sdk" */;
			productName = FirebaseMLModelDownloader;
		};
		AFC4DC122DC8506100486229 /* FirebaseMessaging */ = {
			isa = XCSwiftPackageProductDependency;
			package = AFC4DBED2DC8506100486229 /* XCRemoteSwiftPackageReference "firebase-ios-sdk" */;
			productName = FirebaseMessaging;
		};
		AFC4DC142DC8506100486229 /* FirebasePerformance */ = {
			isa = XCSwiftPackageProductDependency;
			package = AFC4DBED2DC8506100486229 /* XCRemoteSwiftPackageReference "firebase-ios-sdk" */;
			productName = FirebasePerformance;
		};
		AFC4DC162DC8506100486229 /* FirebaseRemoteConfig */ = {
			isa = XCSwiftPackageProductDependency;
			package = AFC4DBED2DC8506100486229 /* XCRemoteSwiftPackageReference "firebase-ios-sdk" */;
			productName = FirebaseRemoteConfig;
		};
		AFC4DC182DC8506100486229 /* FirebaseStorage */ = {
			isa = XCSwiftPackageProductDependency;
			package = AFC4DBED2DC8506100486229 /* XCRemoteSwiftPackageReference "firebase-ios-sdk" */;
			productName = FirebaseStorage;
		};
		AFC4DC1A2DC8506100486229 /* FirebaseStorageCombine-Community */ = {
			isa = XCSwiftPackageProductDependency;
			package = AFC4DBED2DC8506100486229 /* XCRemoteSwiftPackageReference "firebase-ios-sdk" */;
			productName = "FirebaseStorageCombine-Community";
		};
		AFC4DC1C2DC8506100486229 /* FirebaseVertexAI */ = {
			isa = XCSwiftPackageProductDependency;
			package = AFC4DBED2DC8506100486229 /* XCRemoteSwiftPackageReference "firebase-ios-sdk" */;
			productName = FirebaseVertexAI;
		};
/* End XCSwiftPackageProductDependency section */
	};
	rootObject = AFEE34BF2DC6F232009C4F4B /* Project object */;
}
